
Microsoft Visual Studio Solution File, Format Version 12.00
# Visual Studio 14
VisualStudioVersion = 14.0.25123.0
MinimumVisualStudioVersion = 10.0.40219.1
Project("{FAE04EC0-301F-11D3-BF4B-00C04F79EFBC}") = "NewportUsbWrapper", "NewportUsbWrapper\NewportUsbWrapper.csproj", "{C378C5CC-86D6-413C-B8DD-9CA07E8AED90}"
EndProject
Project("{FAE04EC0-301F-11D3-BF4B-00C04F79EFBC}") = "CSharpSample", "NewportSimpleWinforms\CSharpSample.csproj", "{59565700-4FDD-48FF-B703-F5E5B86910D1}"
EndProject
Project("{FAE04EC0-301F-11D3-BF4B-00C04F79EFBC}") = "DataStoreSample", "DataStoreSample\DataStoreSample.csproj", "{3813723D-B4D9-47CE-B224-BC131277994D}"
EndProject
Project("{FAE04EC0-301F-11D3-BF4B-00C04F79EFBC}") = "Visyn.Newport", "Visyn.Newport\Visyn.Newport.csproj", "{67F9D3A8-F71E-4428-913F-C37AE82CDB24}"
EndProject
Global
	GlobalSection(SolutionConfigurationPlatforms) = preSolution
		Debug|Any CPU = Debug|Any CPU
		Debug|ARM = Debug|ARM
		Debug|x64 = Debug|x64
		Debug|x86 = Debug|x86
		Debug-Test|Any CPU = Debug-Test|Any CPU
		Debug-Test|ARM = Debug-Test|ARM
		Debug-Test|x64 = Debug-Test|x64
		Debug-Test|x86 = Debug-Test|x86
		Release|Any CPU = Release|Any CPU
		Release|ARM = Release|ARM
		Release|x64 = Release|x64
		Release|x86 = Release|x86
	EndGlobalSection
	GlobalSection(ProjectConfigurationPlatforms) = postSolution
		{C378C5CC-86D6-413C-B8DD-9CA07E8AED90}.Debug|Any CPU.ActiveCfg = Debug|Any CPU
		{C378C5CC-86D6-413C-B8DD-9CA07E8AED90}.Debug|Any CPU.Build.0 = Debug|Any CPU
		{C378C5CC-86D6-413C-B8DD-9CA07E8AED90}.Debug|ARM.ActiveCfg = Debug|Any CPU
		{C378C5CC-86D6-413C-B8DD-9CA07E8AED90}.Debug|ARM.Build.0 = Debug|Any CPU
		{C378C5CC-86D6-413C-B8DD-9CA07E8AED90}.Debug|x64.ActiveCfg = Debug|x64
		{C378C5CC-86D6-413C-B8DD-9CA07E8AED90}.Debug|x64.Build.0 = Debug|x64
		{C378C5CC-86D6-413C-B8DD-9CA07E8AED90}.Debug|x86.ActiveCfg = Debug|x86
		{C378C5CC-86D6-413C-B8DD-9CA07E8AED90}.Debug|x86.Build.0 = Debug|x86
		{C378C5CC-86D6-413C-B8DD-9CA07E8AED90}.Debug-Test|Any CPU.ActiveCfg = Debug|Any CPU
		{C378C5CC-86D6-413C-B8DD-9CA07E8AED90}.Debug-Test|Any CPU.Build.0 = Debug|Any CPU
		{C378C5CC-86D6-413C-B8DD-9CA07E8AED90}.Debug-Test|ARM.ActiveCfg = Debug|Any CPU
		{C378C5CC-86D6-413C-B8DD-9CA07E8AED90}.Debug-Test|ARM.Build.0 = Debug|Any CPU
		{C378C5CC-86D6-413C-B8DD-9CA07E8AED90}.Debug-Test|x64.ActiveCfg = Debug|x64
		{C378C5CC-86D6-413C-B8DD-9CA07E8AED90}.Debug-Test|x64.Build.0 = Debug|x64
		{C378C5CC-86D6-413C-B8DD-9CA07E8AED90}.Debug-Test|x86.ActiveCfg = Debug|x86
		{C378C5CC-86D6-413C-B8DD-9CA07E8AED90}.Debug-Test|x86.Build.0 = Debug|x86
		{C378C5CC-86D6-413C-B8DD-9CA07E8AED90}.Release|Any CPU.ActiveCfg = Release|Any CPU
		{C378C5CC-86D6-413C-B8DD-9CA07E8AED90}.Release|Any CPU.Build.0 = Release|Any CPU
		{C378C5CC-86D6-413C-B8DD-9CA07E8AED90}.Release|ARM.ActiveCfg = Release|Any CPU
		{C378C5CC-86D6-413C-B8DD-9CA07E8AED90}.Release|ARM.Build.0 = Release|Any CPU
		{C378C5CC-86D6-413C-B8DD-9CA07E8AED90}.Release|x64.ActiveCfg = Release|x64
		{C378C5CC-86D6-413C-B8DD-9CA07E8AED90}.Release|x64.Build.0 = Release|x64
		{C378C5CC-86D6-413C-B8DD-9CA07E8AED90}.Release|x86.ActiveCfg = Release|x86
		{C378C5CC-86D6-413C-B8DD-9CA07E8AED90}.Release|x86.Build.0 = Release|x86
		{59565700-4FDD-48FF-B703-F5E5B86910D1}.Debug|Any CPU.ActiveCfg = Debug|Any CPU
		{59565700-4FDD-48FF-B703-F5E5B86910D1}.Debug|Any CPU.Build.0 = Debug|Any CPU
		{59565700-4FDD-48FF-B703-F5E5B86910D1}.Debug|ARM.ActiveCfg = Debug|Any CPU
		{59565700-4FDD-48FF-B703-F5E5B86910D1}.Debug|ARM.Build.0 = Debug|Any CPU
		{59565700-4FDD-48FF-B703-F5E5B86910D1}.Debug|x64.ActiveCfg = Debug|x64
		{59565700-4FDD-48FF-B703-F5E5B86910D1}.Debug|x64.Build.0 = Debug|x64
		{59565700-4FDD-48FF-B703-F5E5B86910D1}.Debug|x86.ActiveCfg = Debug|x86
		{59565700-4FDD-48FF-B703-F5E5B86910D1}.Debug|x86.Build.0 = Debug|x86
		{59565700-4FDD-48FF-B703-F5E5B86910D1}.Debug-Test|Any CPU.ActiveCfg = Debug|Any CPU
		{59565700-4FDD-48FF-B703-F5E5B86910D1}.Debug-Test|Any CPU.Build.0 = Debug|Any CPU
		{59565700-4FDD-48FF-B703-F5E5B86910D1}.Debug-Test|ARM.ActiveCfg = Debug|Any CPU
		{59565700-4FDD-48FF-B703-F5E5B86910D1}.Debug-Test|ARM.Build.0 = Debug|Any CPU
		{59565700-4FDD-48FF-B703-F5E5B86910D1}.Debug-Test|x64.ActiveCfg = Debug|x64
		{59565700-4FDD-48FF-B703-F5E5B86910D1}.Debug-Test|x64.Build.0 = Debug|x64
		{59565700-4FDD-48FF-B703-F5E5B86910D1}.Debug-Test|x86.ActiveCfg = Debug|x86
		{59565700-4FDD-48FF-B703-F5E5B86910D1}.Debug-Test|x86.Build.0 = Debug|x86
		{59565700-4FDD-48FF-B703-F5E5B86910D1}.Release|Any CPU.ActiveCfg = Release|Any CPU
		{59565700-4FDD-48FF-B703-F5E5B86910D1}.Release|Any CPU.Build.0 = Release|Any CPU
		{59565700-4FDD-48FF-B703-F5E5B86910D1}.Release|ARM.ActiveCfg = Release|Any CPU
		{59565700-4FDD-48FF-B703-F5E5B86910D1}.Release|ARM.Build.0 = Release|Any CPU
		{59565700-4FDD-48FF-B703-F5E5B86910D1}.Release|x64.ActiveCfg = Release|x64
		{59565700-4FDD-48FF-B703-F5E5B86910D1}.Release|x64.Build.0 = Release|x64
		{59565700-4FDD-48FF-B703-F5E5B86910D1}.Release|x86.ActiveCfg = Release|x86
		{59565700-4FDD-48FF-B703-F5E5B86910D1}.Release|x86.Build.0 = Release|x86
		{3813723D-B4D9-47CE-B224-BC131277994D}.Debug|Any CPU.ActiveCfg = Debug|Any CPU
		{3813723D-B4D9-47CE-B224-BC131277994D}.Debug|Any CPU.Build.0 = Debug|Any CPU
		{3813723D-B4D9-47CE-B224-BC131277994D}.Debug|ARM.ActiveCfg = Debug|Any CPU
		{3813723D-B4D9-47CE-B224-BC131277994D}.Debug|ARM.Build.0 = Debug|Any CPU
		{3813723D-B4D9-47CE-B224-BC131277994D}.Debug|x64.ActiveCfg = Debug|x64
		{3813723D-B4D9-47CE-B224-BC131277994D}.Debug|x64.Build.0 = Debug|x64
		{3813723D-B4D9-47CE-B224-BC131277994D}.Debug|x86.ActiveCfg = Debug|x86
		{3813723D-B4D9-47CE-B224-BC131277994D}.Debug|x86.Build.0 = Debug|x86
		{3813723D-B4D9-47CE-B224-BC131277994D}.Debug-Test|Any CPU.ActiveCfg = Debug|Any CPU
		{3813723D-B4D9-47CE-B224-BC131277994D}.Debug-Test|Any CPU.Build.0 = Debug|Any CPU
		{3813723D-B4D9-47CE-B224-BC131277994D}.Debug-Test|ARM.ActiveCfg = Debug|Any CPU
		{3813723D-B4D9-47CE-B224-BC131277994D}.Debug-Test|ARM.Build.0 = Debug|Any CPU
		{3813723D-B4D9-47CE-B224-BC131277994D}.Debug-Test|x64.ActiveCfg = Debug|x64
		{3813723D-B4D9-47CE-B224-BC131277994D}.Debug-Test|x64.Build.0 = Debug|x64
		{3813723D-B4D9-47CE-B224-BC131277994D}.Debug-Test|x86.ActiveCfg = Debug|x86
		{3813723D-B4D9-47CE-B224-BC131277994D}.Debug-Test|x86.Build.0 = Debug|x86
		{3813723D-B4D9-47CE-B224-BC131277994D}.Release|Any CPU.ActiveCfg = Release|Any CPU
		{3813723D-B4D9-47CE-B224-BC131277994D}.Release|Any CPU.Build.0 = Release|Any CPU
		{3813723D-B4D9-47CE-B224-BC131277994D}.Release|ARM.ActiveCfg = Release|Any CPU
		{3813723D-B4D9-47CE-B224-BC131277994D}.Release|ARM.Build.0 = Release|Any CPU
		{3813723D-B4D9-47CE-B224-BC131277994D}.Release|x64.ActiveCfg = Release|x64
		{3813723D-B4D9-47CE-B224-BC131277994D}.Release|x64.Build.0 = Release|x64
		{3813723D-B4D9-47CE-B224-BC131277994D}.Release|x86.ActiveCfg = Release|x86
		{3813723D-B4D9-47CE-B224-BC131277994D}.Release|x86.Build.0 = Release|x86
		{67F9D3A8-F71E-4428-913F-C37AE82CDB24}.Debug|Any CPU.ActiveCfg = Debug|Any CPU
		{67F9D3A8-F71E-4428-913F-C37AE82CDB24}.Debug|Any CPU.Build.0 = Debug|Any CPU
		{67F9D3A8-F71E-4428-913F-C37AE82CDB24}.Debug|ARM.ActiveCfg = Debug|Any CPU
		{67F9D3A8-F71E-4428-913F-C37AE82CDB24}.Debug|ARM.Build.0 = Debug|Any CPU
		{67F9D3A8-F71E-4428-913F-C37AE82CDB24}.Debug|x64.ActiveCfg = Debug|Any CPU
		{67F9D3A8-F71E-4428-913F-C37AE82CDB24}.Debug|x64.Build.0 = Debug|Any CPU
		{67F9D3A8-F71E-4428-913F-C37AE82CDB24}.Debug|x86.ActiveCfg = Debug|Any CPU
		{67F9D3A8-F71E-4428-913F-C37AE82CDB24}.Debug|x86.Build.0 = Debug|Any CPU
		{67F9D3A8-F71E-4428-913F-C37AE82CDB24}.Debug-Test|Any CPU.ActiveCfg = Debug|Any CPU
		{67F9D3A8-F71E-4428-913F-C37AE82CDB24}.Debug-Test|Any CPU.Build.0 = Debug|Any CPU
		{67F9D3A8-F71E-4428-913F-C37AE82CDB24}.Debug-Test|ARM.ActiveCfg = Debug|Any CPU
		{67F9D3A8-F71E-4428-913F-C37AE82CDB24}.Debug-Test|ARM.Build.0 = Debug|Any CPU
		{67F9D3A8-F71E-4428-913F-C37AE82CDB24}.Debug-Test|x64.ActiveCfg = Debug|Any CPU
		{67F9D3A8-F71E-4428-913F-C37AE82CDB24}.Debug-Test|x64.Build.0 = Debug|Any CPU
		{67F9D3A8-F71E-4428-913F-C37AE82CDB24}.Debug-Test|x86.ActiveCfg = Debug|Any CPU
		{67F9D3A8-F71E-4428-913F-C37AE82CDB24}.Debug-Test|x86.Build.0 = Debug|Any CPU
		{67F9D3A8-F71E-4428-913F-C37AE82CDB24}.Release|Any CPU.ActiveCfg = Release|Any CPU
		{67F9D3A8-F71E-4428-913F-C37AE82CDB24}.Release|Any CPU.Build.0 = Release|Any CPU
		{67F9D3A8-F71E-4428-913F-C37AE82CDB24}.Release|ARM.ActiveCfg = Release|Any CPU
		{67F9D3A8-F71E-4428-913F-C37AE82CDB24}.Release|ARM.Build.0 = Release|Any CPU
		{67F9D3A8-F71E-4428-913F-C37AE82CDB24}.Release|x64.ActiveCfg = Release|Any CPU
		{67F9D3A8-F71E-4428-913F-C37AE82CDB24}.Release|x64.Build.0 = Release|Any CPU
		{67F9D3A8-F71E-4428-913F-C37AE82CDB24}.Release|x86.ActiveCfg = Release|Any CPU
		{67F9D3A8-F71E-4428-913F-C37AE82CDB24}.Release|x86.Build.0 = Release|Any CPU
	EndGlobalSection
	GlobalSection(SolutionProperties) = preSolution
		HideSolutionNode = FALSE
	EndGlobalSection
EndGlobal
